
Microsoft Visual Studio Solution File, Format Version 12.00
# Visual Studio Version 17
VisualStudioVersion = 17.11.35327.3
MinimumVisualStudioVersion = 10.0.40219.1
Project("{2150E333-8FDC-42A3-9474-1A3956D46DE8}") = "src", "src", "{6FBB2DCF-16C7-4A3E-BBF3-7151EC81A098}"
EndProject
Project("{2150E333-8FDC-42A3-9474-1A3956D46DE8}") = "tests", "tests", "{CF3D22BB-2AD5-4898-B699-346FC56A225A}"
EndProject
Project("{9A19103F-16F7-4668-BE54-9A1E7A4F7556}") = "PO.DomainLayer", "src\PO.DomainLayer\PO.DomainLayer.csproj", "{8B1A52F7-D0AA-45E8-8E18-F97D389F9E64}"
EndProject
Project("{9A19103F-16F7-4668-BE54-9A1E7A4F7556}") = "PO.API", "src\PO.API\PO.API.csproj", "{E7834851-7C94-4EBC-BE25-C81DEB3EBC05}"
EndProject
Project("{FAE04EC0-301F-11D3-BF4B-00C04F79EFBC}") = "PO.Infrastructure", "src\PO.Infrastructure\PO.Infrastructure.csproj", "{C26B1240-2C01-4FB3-A993-EE14AE0F809C}"
EndProject
Project("{2150E333-8FDC-42A3-9474-1A3956D46DE8}") = "libs", "libs", "{8B1DA3A6-B919-49F6-B8C8-D2A27DFC641B}"
EndProject
Project("{FAE04EC0-301F-11D3-BF4B-00C04F79EFBC}") = "Innova.EF.Infra.Core", "libs\Innova.EF.Infra.Core\Innova.EF.Infra.Core.csproj", "{1D6E7488-A0DD-4849-B23B-3915FBB8AADC}"
EndProject
Project("{FAE04EC0-301F-11D3-BF4B-00C04F79EFBC}") = "Innova.Infra.Core", "libs\Innova.Infra.Core\Innova.Infra.Core.csproj", "{F87D1C24-6E6A-464B-BEFB-D9F2C27E65FF}"
EndProject
Project("{FAE04EC0-301F-11D3-BF4B-00C04F79EFBC}") = "Innova.Domain.Core", "libs\Innova.Domain.Core\Innova.Domain.Core.csproj", "{70A88984-7693-4CE2-A6E9-072BB102AEA7}"
EndProject
Project("{FAE04EC0-301F-11D3-BF4B-00C04F79EFBC}") = "PO.PersistanceLayer", "libs\PO.PersistanceLayer\PO.PersistanceLayer.csproj", "{C7FC8091-4C9A-49D5-BD21-1349605A54DD}"
EndProject
Global
	GlobalSection(SolutionConfigurationPlatforms) = preSolution
		Debug|Any CPU = Debug|Any CPU
		Release|Any CPU = Release|Any CPU
	EndGlobalSection
	GlobalSection(ProjectConfigurationPlatforms) = postSolution
		{8B1A52F7-D0AA-45E8-8E18-F97D389F9E64}.Debug|Any CPU.ActiveCfg = Debug|Any CPU
		{8B1A52F7-D0AA-45E8-8E18-F97D389F9E64}.Debug|Any CPU.Build.0 = Debug|Any CPU
		{8B1A52F7-D0AA-45E8-8E18-F97D389F9E64}.Release|Any CPU.ActiveCfg = Release|Any CPU
		{8B1A52F7-D0AA-45E8-8E18-F97D389F9E64}.Release|Any CPU.Build.0 = Release|Any CPU
		{E7834851-7C94-4EBC-BE25-C81DEB3EBC05}.Debug|Any CPU.ActiveCfg = Debug|Any CPU
		{E7834851-7C94-4EBC-BE25-C81DEB3EBC05}.Debug|Any CPU.Build.0 = Debug|Any CPU
		{E7834851-7C94-4EBC-BE25-C81DEB3EBC05}.Release|Any CPU.ActiveCfg = Release|Any CPU
		{E7834851-7C94-4EBC-BE25-C81DEB3EBC05}.Release|Any CPU.Build.0 = Release|Any CPU
		{C26B1240-2C01-4FB3-A993-EE14AE0F809C}.Debug|Any CPU.ActiveCfg = Debug|Any CPU
		{C26B1240-2C01-4FB3-A993-EE14AE0F809C}.Debug|Any CPU.Build.0 = Debug|Any CPU
		{C26B1240-2C01-4FB3-A993-EE14AE0F809C}.Release|Any CPU.ActiveCfg = Release|Any CPU
		{C26B1240-2C01-4FB3-A993-EE14AE0F809C}.Release|Any CPU.Build.0 = Release|Any CPU
		{1D6E7488-A0DD-4849-B23B-3915FBB8AADC}.Debug|Any CPU.ActiveCfg = Debug|Any CPU
		{1D6E7488-A0DD-4849-B23B-3915FBB8AADC}.Debug|Any CPU.Build.0 = Debug|Any CPU
		{1D6E7488-A0DD-4849-B23B-3915FBB8AADC}.Release|Any CPU.ActiveCfg = Release|Any CPU
		{1D6E7488-A0DD-4849-B23B-3915FBB8AADC}.Release|Any CPU.Build.0 = Release|Any CPU
		{F87D1C24-6E6A-464B-BEFB-D9F2C27E65FF}.Debug|Any CPU.ActiveCfg = Debug|Any CPU
		{F87D1C24-6E6A-464B-BEFB-D9F2C27E65FF}.Debug|Any CPU.Build.0 = Debug|Any CPU
		{F87D1C24-6E6A-464B-BEFB-D9F2C27E65FF}.Release|Any CPU.ActiveCfg = Release|Any CPU
		{F87D1C24-6E6A-464B-BEFB-D9F2C27E65FF}.Release|Any CPU.Build.0 = Release|Any CPU
		{70A88984-7693-4CE2-A6E9-072BB102AEA7}.Debug|Any CPU.ActiveCfg = Debug|Any CPU
		{70A88984-7693-4CE2-A6E9-072BB102AEA7}.Debug|Any CPU.Build.0 = Debug|Any CPU
		{70A88984-7693-4CE2-A6E9-072BB102AEA7}.Release|Any CPU.ActiveCfg = Release|Any CPU
		{70A88984-7693-4CE2-A6E9-072BB102AEA7}.Release|Any CPU.Build.0 = Release|Any CPU
		{C7FC8091-4C9A-49D5-BD21-1349605A54DD}.Debug|Any CPU.ActiveCfg = Debug|Any CPU
		{C7FC8091-4C9A-49D5-BD21-1349605A54DD}.Debug|Any CPU.Build.0 = Debug|Any CPU
		{C7FC8091-4C9A-49D5-BD21-1349605A54DD}.Release|Any CPU.ActiveCfg = Release|Any CPU
		{C7FC8091-4C9A-49D5-BD21-1349605A54DD}.Release|Any CPU.Build.0 = Release|Any CPU
	EndGlobalSection
	GlobalSection(SolutionProperties) = preSolution
		HideSolutionNode = FALSE
	EndGlobalSection
	GlobalSection(NestedProjects) = preSolution
		{8B1A52F7-D0AA-45E8-8E18-F97D389F9E64} = {6FBB2DCF-16C7-4A3E-BBF3-7151EC81A098}
		{E7834851-7C94-4EBC-BE25-C81DEB3EBC05} = {6FBB2DCF-16C7-4A3E-BBF3-7151EC81A098}
		{C26B1240-2C01-4FB3-A993-EE14AE0F809C} = {6FBB2DCF-16C7-4A3E-BBF3-7151EC81A098}
		{1D6E7488-A0DD-4849-B23B-3915FBB8AADC} = {8B1DA3A6-B919-49F6-B8C8-D2A27DFC641B}
		{F87D1C24-6E6A-464B-BEFB-D9F2C27E65FF} = {8B1DA3A6-B919-49F6-B8C8-D2A27DFC641B}
		{70A88984-7693-4CE2-A6E9-072BB102AEA7} = {8B1DA3A6-B919-49F6-B8C8-D2A27DFC641B}
		{C7FC8091-4C9A-49D5-BD21-1349605A54DD} = {6FBB2DCF-16C7-4A3E-BBF3-7151EC81A098}
	EndGlobalSection
	GlobalSection(ExtensibilityGlobals) = postSolution
		SolutionGuid = {5521907C-00DC-4DCF-B6D4-E43B8BA34009}
	EndGlobalSection
EndGlobal
